// !$*UTF8*$!
{
	archiveVersion = 1;
	classes = {
	};
	objectVersion = 46;
	objects = {

/* Begin PBXBuildFile section */
		58CAD422C26D45918EB422B5 /* libPods.a in Frameworks */ = {isa = PBXBuildFile; fileRef = 0DF8D172A92B477D8A55BFE7 /* libPods.a */; };
		5E08B6E4173AA84300FBCBBB /* background-highlighted@2x.png in Resources */ = {isa = PBXBuildFile; fileRef = 5E08B6E2173AA84300FBCBBB /* background-highlighted@2x.png */; };
		5E08B6E5173AA84300FBCBBB /* background-unhighlighted@2x.png in Resources */ = {isa = PBXBuildFile; fileRef = 5E08B6E3173AA84300FBCBBB /* background-unhighlighted@2x.png */; };
		5E08B6E9173AAC2900FBCBBB /* background-future@2x.png in Resources */ = {isa = PBXBuildFile; fileRef = 5E08B6E6173AAC2900FBCBBB /* background-future@2x.png */; };
		5E08B6EA173AAC2900FBCBBB /* background-immediate@2x.png in Resources */ = {isa = PBXBuildFile; fileRef = 5E08B6E7173AAC2900FBCBBB /* background-immediate@2x.png */; };
		5E08B6EB173AAC2900FBCBBB /* background-past@2x.png in Resources */ = {isa = PBXBuildFile; fileRef = 5E08B6E8173AAC2900FBCBBB /* background-past@2x.png */; };
		5E08B6F1173AAD7300FBCBBB /* background-immediate.png in Resources */ = {isa = PBXBuildFile; fileRef = 5E08B6EC173AAD7300FBCBBB /* background-immediate.png */; };
		5E08B6F2173AAD7300FBCBBB /* background-future.png in Resources */ = {isa = PBXBuildFile; fileRef = 5E08B6ED173AAD7300FBCBBB /* background-future.png */; };
		5E08B6F3173AAD7300FBCBBB /* background-past.png in Resources */ = {isa = PBXBuildFile; fileRef = 5E08B6EE173AAD7300FBCBBB /* background-past.png */; };
		5E08B6F4173AAD7300FBCBBB /* background-unhighlighted.png in Resources */ = {isa = PBXBuildFile; fileRef = 5E08B6EF173AAD7300FBCBBB /* background-unhighlighted.png */; };
		5E08B6F5173AAD7300FBCBBB /* background-highlighted.png in Resources */ = {isa = PBXBuildFile; fileRef = 5E08B6F0173AAD7300FBCBBB /* background-highlighted.png */; };
		5E08B6F9173AC09D00FBCBBB /* TLHourGutterSupplementaryView.m in Sources */ = {isa = PBXBuildFile; fileRef = 5E08B6F8173AC09D00FBCBBB /* TLHourGutterSupplementaryView.m */; };
		5E18D2AC172AF5A50010F8FF /* UIFont+AppFonts.m in Sources */ = {isa = PBXBuildFile; fileRef = 5E18D2AB172AF5A50010F8FF /* UIFont+AppFonts.m */; };
		5E18D2B4172B03F60010F8FF /* checkmark@2x.png in Resources */ = {isa = PBXBuildFile; fileRef = 5E18D2B0172B03F60010F8FF /* checkmark@2x.png */; };
		5E18D2B6172B03F60010F8FF /* inner-shadow@2x.png in Resources */ = {isa = PBXBuildFile; fileRef = 5E18D2B2172B03F60010F8FF /* inner-shadow@2x.png */; };
		5E18D2B7172B03F60010F8FF /* settings-panel@2x.png in Resources */ = {isa = PBXBuildFile; fileRef = 5E18D2B3172B03F60010F8FF /* settings-panel@2x.png */; };
		5E18D2B9172B085B0010F8FF /* settings-panel-active@2x.png in Resources */ = {isa = PBXBuildFile; fileRef = 5E18D2B8172B085B0010F8FF /* settings-panel-active@2x.png */; };
		5E18D2F9172EE7890010F8FF /* TLUpcomingEventViewController.m in Sources */ = {isa = PBXBuildFile; fileRef = 5E18D2F8172EE7880010F8FF /* TLUpcomingEventViewController.m */; };
		5E18D2FB172EEA6B0010F8FF /* upcomingEventBackground@2x.png in Resources */ = {isa = PBXBuildFile; fileRef = 5E18D2FA172EEA6B0010F8FF /* upcomingEventBackground@2x.png */; };
		5E18D2FD172F028F0010F8FF /* TLUpcomingEventViewController.xib in Resources */ = {isa = PBXBuildFile; fileRef = 5E18D2FC172F028F0010F8FF /* TLUpcomingEventViewController.xib */; };
		5E18D2FF172FFF560010F8FF /* location@2x.png in Resources */ = {isa = PBXBuildFile; fileRef = 5E18D2FE172FFF560010F8FF /* location@2x.png */; };
		5E18D302173019860010F8FF /* TLCalendarDotView.m in Sources */ = {isa = PBXBuildFile; fileRef = 5E18D301173019860010F8FF /* TLCalendarDotView.m */; };
		5E18D30517316AAB0010F8FF /* TLAppDelegate+Sounds.m in Sources */ = {isa = PBXBuildFile; fileRef = 5E18D30417316AAB0010F8FF /* TLAppDelegate+Sounds.m */; };
		5E18D30717316B830010F8FF /* AudioToolbox.framework in Frameworks */ = {isa = PBXBuildFile; fileRef = 5E18D30617316B830010F8FF /* AudioToolbox.framework */; };
		5E18D309173170970010F8FF /* soundeffect.wav in Resources */ = {isa = PBXBuildFile; fileRef = 5E18D308173170970010F8FF /* soundeffect.wav */; };
		5E18D30C1732D7000010F8FF /* TLHourLineSupplementaryView.m in Sources */ = {isa = PBXBuildFile; fileRef = 5E18D30B1732D7000010F8FF /* TLHourLineSupplementaryView.m */; };
		5E21DEDB171F19C000231263 /* EventKit.framework in Frameworks */ = {isa = PBXBuildFile; fileRef = 5E21DED9171F19C000231263 /* EventKit.framework */; };
		5E21DEDC171F19C000231263 /* EventKitUI.framework in Frameworks */ = {isa = PBXBuildFile; fileRef = 5E21DEDA171F19C000231263 /* EventKitUI.framework */; };
		5E2EF7B5172AC4FF00737A75 /* TLTouchDownGestureRecognizer.m in Sources */ = {isa = PBXBuildFile; fileRef = 5E2EF7B4172AC4FF00737A75 /* TLTouchDownGestureRecognizer.m */; };
		5E2EF7BD172AC51700737A75 /* TLEventViewController.xib in Resources */ = {isa = PBXBuildFile; fileRef = 5E2EF7BC172AC51700737A75 /* TLEventViewController.xib */; };
		5E2EF7C0172AC53500737A75 /* TLEventViewController.m in Sources */ = {isa = PBXBuildFile; fileRef = 5E2EF7BF172AC53500737A75 /* TLEventViewController.m */; };
		5E7207DF172AC3560067B19E /* EKEventManager.m in Sources */ = {isa = PBXBuildFile; fileRef = 5E7207DE172AC3560067B19E /* EKEventManager.m */; };
		5E91A6D0173895AA00CF83D5 /* TLEventViewModel.m in Sources */ = {isa = PBXBuildFile; fileRef = 5E91A6CF173895AA00CF83D5 /* TLEventViewModel.m */; };
		5EA3D48C1726DD4D00D9764F /* UIColor+CustomizedColors.m in Sources */ = {isa = PBXBuildFile; fileRef = 5EA3D48B1726DD4D00D9764F /* UIColor+CustomizedColors.m */; };
		5EA3D48F1726E00400D9764F /* CoreImage.framework in Frameworks */ = {isa = PBXBuildFile; fileRef = 5EA3D48E1726E00400D9764F /* CoreImage.framework */; };
		5EA3D4941726FCC500D9764F /* UIImage+Blur.m in Sources */ = {isa = PBXBuildFile; fileRef = 5EA3D4931726FCC500D9764F /* UIImage+Blur.m */; };
		5EA3D4971726FD9E00D9764F /* TLProfiling.m in Sources */ = {isa = PBXBuildFile; fileRef = 5EA3D4961726FD9E00D9764F /* TLProfiling.m */; };
		5EA3D49A17296E7900D9764F /* TLBackgroundGradientView.m in Sources */ = {isa = PBXBuildFile; fileRef = 5EA3D49917296E7900D9764F /* TLBackgroundGradientView.m */; };
		5EB4E5521717374E00EC8E1C /* UIKit.framework in Frameworks */ = {isa = PBXBuildFile; fileRef = 5EB4E5511717374E00EC8E1C /* UIKit.framework */; };
		5EB4E5541717374E00EC8E1C /* Foundation.framework in Frameworks */ = {isa = PBXBuildFile; fileRef = 5EB4E5531717374E00EC8E1C /* Foundation.framework */; };
		5EB4E5561717374E00EC8E1C /* CoreGraphics.framework in Frameworks */ = {isa = PBXBuildFile; fileRef = 5EB4E5551717374E00EC8E1C /* CoreGraphics.framework */; };
		5EB4E55C1717374E00EC8E1C /* InfoPlist.strings in Resources */ = {isa = PBXBuildFile; fileRef = 5EB4E55A1717374E00EC8E1C /* InfoPlist.strings */; };
		5EB4E55E1717374E00EC8E1C /* main.m in Sources */ = {isa = PBXBuildFile; fileRef = 5EB4E55D1717374E00EC8E1C /* main.m */; };
		5EB4E5621717374E00EC8E1C /* TLAppDelegate.m in Sources */ = {isa = PBXBuildFile; fileRef = 5EB4E5611717374E00EC8E1C /* TLAppDelegate.m */; };
		5EB4E5641717374E00EC8E1C /* Default.png in Resources */ = {isa = PBXBuildFile; fileRef = 5EB4E5631717374E00EC8E1C /* Default.png */; };
		5EB4E5661717374E00EC8E1C /* Default@2x.png in Resources */ = {isa = PBXBuildFile; fileRef = 5EB4E5651717374E00EC8E1C /* Default@2x.png */; };
		5EB4E5681717374E00EC8E1C /* Default-568h@2x.png in Resources */ = {isa = PBXBuildFile; fileRef = 5EB4E5671717374E00EC8E1C /* Default-568h@2x.png */; };
		5EB4E57C17187CF700EC8E1C /* TLRootViewController.m in Sources */ = {isa = PBXBuildFile; fileRef = 5EB4E57B17187CF700EC8E1C /* TLRootViewController.m */; };
		5EB4E58417187E1500EC8E1C /* TLHeaderViewController.m in Sources */ = {isa = PBXBuildFile; fileRef = 5EB4E58217187E1500EC8E1C /* TLHeaderViewController.m */; };
		5EB4E58517187E1500EC8E1C /* TLHeaderViewController.xib in Resources */ = {isa = PBXBuildFile; fileRef = 5EB4E58317187E1500EC8E1C /* TLHeaderViewController.xib */; };
		5EB951B117203DE600A5089B /* TLCalendarSelectCell.m in Sources */ = {isa = PBXBuildFile; fileRef = 5EB951B017203DE600A5089B /* TLCalendarSelectCell.m */; };
		5EC7DFF017344D8300FB3C55 /* TLCollectionViewLayoutAttributes.m in Sources */ = {isa = PBXBuildFile; fileRef = 5EC7DFEF17344D8300FB3C55 /* TLCollectionViewLayoutAttributes.m */; };
		5EC7DFF217381B1A00FB3C55 /* logo@2x.png in Resources */ = {isa = PBXBuildFile; fileRef = 5EC7DFF117381B1A00FB3C55 /* logo@2x.png */; };
		5EC7DFF417381B7300FB3C55 /* logo.png in Resources */ = {isa = PBXBuildFile; fileRef = 5EC7DFF317381B7300FB3C55 /* logo.png */; };
		5EC7DFF717381BF400FB3C55 /* upArrow.png in Resources */ = {isa = PBXBuildFile; fileRef = 5EC7DFF517381BF400FB3C55 /* upArrow.png */; };
		5EC7DFF817381BF400FB3C55 /* upArrow@2x.png in Resources */ = {isa = PBXBuildFile; fileRef = 5EC7DFF617381BF400FB3C55 /* upArrow@2x.png */; };
		5EC7DFFB17381F5600FB3C55 /* TLLoveButton.m in Sources */ = {isa = PBXBuildFile; fileRef = 5EC7DFFA17381F5600FB3C55 /* TLLoveButton.m */; };
		5EC7DFFD17383DFF00FB3C55 /* Icon.png in Resources */ = {isa = PBXBuildFile; fileRef = 5EC7DFFC17383DFF00FB3C55 /* Icon.png */; };
		5EC7DFFF17383E0200FB3C55 /* Icon@2x.png in Resources */ = {isa = PBXBuildFile; fileRef = 5EC7DFFE17383E0200FB3C55 /* Icon@2x.png */; };
		5EC7E0031739427D00FB3C55 /* TLEventSupplementaryView.m in Sources */ = {isa = PBXBuildFile; fileRef = 5EC7E0021739427D00FB3C55 /* TLEventSupplementaryView.m */; };
		5ED60CCB171C57E000F55891 /* QuartzCore.framework in Frameworks */ = {isa = PBXBuildFile; fileRef = 5ED60CCA171C57E000F55891 /* QuartzCore.framework */; };
		A85CD65D1730058B00B9BBC9 /* TLCollectionViewLayout.m in Sources */ = {isa = PBXBuildFile; fileRef = A85CD65C1730058B00B9BBC9 /* TLCollectionViewLayout.m */; };
		A85CD66317305C9600B9BBC9 /* TLHourCell.m in Sources */ = {isa = PBXBuildFile; fileRef = A85CD66217305C9600B9BBC9 /* TLHourCell.m */; };
		A85CD66517305D7400B9BBC9 /* TLHourCell.xib in Resources */ = {isa = PBXBuildFile; fileRef = A85CD66417305D7400B9BBC9 /* TLHourCell.xib */; };
/* End PBXBuildFile section */

/* Begin PBXFileReference section */
		0DF8D172A92B477D8A55BFE7 /* libPods.a */ = {isa = PBXFileReference; explicitFileType = archive.ar; includeInIndex = 0; path = libPods.a; sourceTree = BUILT_PRODUCTS_DIR; };
		5E08B6DD173A910B00FBCBBB /* TLDefines.h */ = {isa = PBXFileReference; lastKnownFileType = sourcecode.c.h; path = TLDefines.h; sourceTree = "<group>"; };
		5E08B6E2173AA84300FBCBBB /* background-highlighted@2x.png */ = {isa = PBXFileReference; lastKnownFileType = image.png; name = "background-highlighted@2x.png"; path = "Images/background-highlighted@2x.png"; sourceTree = "<group>"; };
		5E08B6E3173AA84300FBCBBB /* background-unhighlighted@2x.png */ = {isa = PBXFileReference; lastKnownFileType = image.png; name = "background-unhighlighted@2x.png"; path = "Images/background-unhighlighted@2x.png"; sourceTree = "<group>"; };
		5E08B6E6173AAC2900FBCBBB /* background-future@2x.png */ = {isa = PBXFileReference; lastKnownFileType = image.png; name = "background-future@2x.png"; path = "Images/background-future@2x.png"; sourceTree = "<group>"; };
		5E08B6E7173AAC2900FBCBBB /* background-immediate@2x.png */ = {isa = PBXFileReference; lastKnownFileType = image.png; name = "background-immediate@2x.png"; path = "Images/background-immediate@2x.png"; sourceTree = "<group>"; };
		5E08B6E8173AAC2900FBCBBB /* background-past@2x.png */ = {isa = PBXFileReference; lastKnownFileType = image.png; name = "background-past@2x.png"; path = "Images/background-past@2x.png"; sourceTree = "<group>"; };
		5E08B6EC173AAD7300FBCBBB /* background-immediate.png */ = {isa = PBXFileReference; lastKnownFileType = image.png; name = "background-immediate.png"; path = "Images/background-immediate.png"; sourceTree = "<group>"; };
		5E08B6ED173AAD7300FBCBBB /* background-future.png */ = {isa = PBXFileReference; lastKnownFileType = image.png; name = "background-future.png"; path = "Images/background-future.png"; sourceTree = "<group>"; };
		5E08B6EE173AAD7300FBCBBB /* background-past.png */ = {isa = PBXFileReference; lastKnownFileType = image.png; name = "background-past.png"; path = "Images/background-past.png"; sourceTree = "<group>"; };
		5E08B6EF173AAD7300FBCBBB /* background-unhighlighted.png */ = {isa = PBXFileReference; lastKnownFileType = image.png; name = "background-unhighlighted.png"; path = "Images/background-unhighlighted.png"; sourceTree = "<group>"; };
		5E08B6F0173AAD7300FBCBBB /* background-highlighted.png */ = {isa = PBXFileReference; lastKnownFileType = image.png; name = "background-highlighted.png"; path = "Images/background-highlighted.png"; sourceTree = "<group>"; };
		5E08B6F7173AC09D00FBCBBB /* TLHourGutterSupplementaryView.h */ = {isa = PBXFileReference; fileEncoding = 4; lastKnownFileType = sourcecode.c.h; path = TLHourGutterSupplementaryView.h; sourceTree = "<group>"; };
		5E08B6F8173AC09D00FBCBBB /* TLHourGutterSupplementaryView.m */ = {isa = PBXFileReference; fileEncoding = 4; lastKnownFileType = sourcecode.c.objc; path = TLHourGutterSupplementaryView.m; sourceTree = "<group>"; };
		5E18D2AA172AF5A50010F8FF /* UIFont+AppFonts.h */ = {isa = PBXFileReference; fileEncoding = 4; lastKnownFileType = sourcecode.c.h; path = "UIFont+AppFonts.h"; sourceTree = "<group>"; };
		5E18D2AB172AF5A50010F8FF /* UIFont+AppFonts.m */ = {isa = PBXFileReference; fileEncoding = 4; lastKnownFileType = sourcecode.c.objc; path = "UIFont+AppFonts.m"; sourceTree = "<group>"; };
		5E18D2B0172B03F60010F8FF /* checkmark@2x.png */ = {isa = PBXFileReference; lastKnownFileType = image.png; name = "checkmark@2x.png"; path = "Images/checkmark@2x.png"; sourceTree = "<group>"; };
		5E18D2B2172B03F60010F8FF /* inner-shadow@2x.png */ = {isa = PBXFileReference; lastKnownFileType = image.png; name = "inner-shadow@2x.png"; path = "Images/inner-shadow@2x.png"; sourceTree = "<group>"; };
		5E18D2B3172B03F60010F8FF /* settings-panel@2x.png */ = {isa = PBXFileReference; lastKnownFileType = image.png; name = "settings-panel@2x.png"; path = "Images/settings-panel@2x.png"; sourceTree = "<group>"; };
		5E18D2B8172B085B0010F8FF /* settings-panel-active@2x.png */ = {isa = PBXFileReference; lastKnownFileType = image.png; name = "settings-panel-active@2x.png"; path = "Images/settings-panel-active@2x.png"; sourceTree = "<group>"; };
		5E18D2F7172EE7880010F8FF /* TLUpcomingEventViewController.h */ = {isa = PBXFileReference; fileEncoding = 4; lastKnownFileType = sourcecode.c.h; path = TLUpcomingEventViewController.h; sourceTree = "<group>"; };
		5E18D2F8172EE7880010F8FF /* TLUpcomingEventViewController.m */ = {isa = PBXFileReference; fileEncoding = 4; lastKnownFileType = sourcecode.c.objc; path = TLUpcomingEventViewController.m; sourceTree = "<group>"; };
		5E18D2FA172EEA6B0010F8FF /* upcomingEventBackground@2x.png */ = {isa = PBXFileReference; lastKnownFileType = image.png; name = "upcomingEventBackground@2x.png"; path = "Images/upcomingEventBackground@2x.png"; sourceTree = "<group>"; };
		5E18D2FC172F028F0010F8FF /* TLUpcomingEventViewController.xib */ = {isa = PBXFileReference; fileEncoding = 4; lastKnownFileType = file.xib; path = TLUpcomingEventViewController.xib; sourceTree = "<group>"; };
		5E18D2FE172FFF560010F8FF /* location@2x.png */ = {isa = PBXFileReference; lastKnownFileType = image.png; name = "location@2x.png"; path = "Images/location@2x.png"; sourceTree = "<group>"; };
		5E18D300173019860010F8FF /* TLCalendarDotView.h */ = {isa = PBXFileReference; fileEncoding = 4; lastKnownFileType = sourcecode.c.h; path = TLCalendarDotView.h; sourceTree = "<group>"; };
		5E18D301173019860010F8FF /* TLCalendarDotView.m */ = {isa = PBXFileReference; fileEncoding = 4; lastKnownFileType = sourcecode.c.objc; path = TLCalendarDotView.m; sourceTree = "<group>"; };
		5E18D30317316AAB0010F8FF /* TLAppDelegate+Sounds.h */ = {isa = PBXFileReference; fileEncoding = 4; lastKnownFileType = sourcecode.c.h; path = "TLAppDelegate+Sounds.h"; sourceTree = "<group>"; };
		5E18D30417316AAB0010F8FF /* TLAppDelegate+Sounds.m */ = {isa = PBXFileReference; fileEncoding = 4; lastKnownFileType = sourcecode.c.objc; path = "TLAppDelegate+Sounds.m"; sourceTree = "<group>"; };
		5E18D30617316B830010F8FF /* AudioToolbox.framework */ = {isa = PBXFileReference; lastKnownFileType = wrapper.framework; name = AudioToolbox.framework; path = System/Library/Frameworks/AudioToolbox.framework; sourceTree = SDKROOT; };
		5E18D308173170970010F8FF /* soundeffect.wav */ = {isa = PBXFileReference; lastKnownFileType = audio.wav; path = soundeffect.wav; sourceTree = "<group>"; };
		5E18D30A1732D7000010F8FF /* TLHourLineSupplementaryView.h */ = {isa = PBXFileReference; fileEncoding = 4; lastKnownFileType = sourcecode.c.h; path = TLHourLineSupplementaryView.h; sourceTree = "<group>"; };
		5E18D30B1732D7000010F8FF /* TLHourLineSupplementaryView.m */ = {isa = PBXFileReference; fileEncoding = 4; lastKnownFileType = sourcecode.c.objc; path = TLHourLineSupplementaryView.m; sourceTree = "<group>"; };
		5E21DED9171F19C000231263 /* EventKit.framework */ = {isa = PBXFileReference; lastKnownFileType = wrapper.framework; name = EventKit.framework; path = System/Library/Frameworks/EventKit.framework; sourceTree = SDKROOT; };
		5E21DEDA171F19C000231263 /* EventKitUI.framework */ = {isa = PBXFileReference; lastKnownFileType = wrapper.framework; name = EventKitUI.framework; path = System/Library/Frameworks/EventKitUI.framework; sourceTree = SDKROOT; };
		5E2EF7B3172AC4FF00737A75 /* TLTouchDownGestureRecognizer.h */ = {isa = PBXFileReference; fileEncoding = 4; lastKnownFileType = sourcecode.c.h; path = TLTouchDownGestureRecognizer.h; sourceTree = "<group>"; };
		5E2EF7B4172AC4FF00737A75 /* TLTouchDownGestureRecognizer.m */ = {isa = PBXFileReference; fileEncoding = 4; lastKnownFileType = sourcecode.c.objc; path = TLTouchDownGestureRecognizer.m; sourceTree = "<group>"; };
		5E2EF7BC172AC51700737A75 /* TLEventViewController.xib */ = {isa = PBXFileReference; fileEncoding = 4; lastKnownFileType = file.xib; path = TLEventViewController.xib; sourceTree = "<group>"; };
		5E2EF7BE172AC53500737A75 /* TLEventViewController.h */ = {isa = PBXFileReference; fileEncoding = 4; lastKnownFileType = sourcecode.c.h; path = TLEventViewController.h; sourceTree = "<group>"; };
		5E2EF7BF172AC53500737A75 /* TLEventViewController.m */ = {isa = PBXFileReference; fileEncoding = 4; lastKnownFileType = sourcecode.c.objc; path = TLEventViewController.m; sourceTree = "<group>"; };
		5E7207DD172AC3560067B19E /* EKEventManager.h */ = {isa = PBXFileReference; fileEncoding = 4; lastKnownFileType = sourcecode.c.h; path = EKEventManager.h; sourceTree = "<group>"; };
		5E7207DE172AC3560067B19E /* EKEventManager.m */ = {isa = PBXFileReference; fileEncoding = 4; lastKnownFileType = sourcecode.c.objc; path = EKEventManager.m; sourceTree = "<group>"; };
		5E91A6CE173895AA00CF83D5 /* TLEventViewModel.h */ = {isa = PBXFileReference; fileEncoding = 4; lastKnownFileType = sourcecode.c.h; path = TLEventViewModel.h; sourceTree = "<group>"; };
		5E91A6CF173895AA00CF83D5 /* TLEventViewModel.m */ = {isa = PBXFileReference; fileEncoding = 4; lastKnownFileType = sourcecode.c.objc; path = TLEventViewModel.m; sourceTree = "<group>"; };
		5EA3D48A1726DD4D00D9764F /* UIColor+CustomizedColors.h */ = {isa = PBXFileReference; fileEncoding = 4; lastKnownFileType = sourcecode.c.h; path = "UIColor+CustomizedColors.h"; sourceTree = "<group>"; };
		5EA3D48B1726DD4D00D9764F /* UIColor+CustomizedColors.m */ = {isa = PBXFileReference; fileEncoding = 4; lastKnownFileType = sourcecode.c.objc; path = "UIColor+CustomizedColors.m"; sourceTree = "<group>"; };
		5EA3D48E1726E00400D9764F /* CoreImage.framework */ = {isa = PBXFileReference; lastKnownFileType = wrapper.framework; name = CoreImage.framework; path = System/Library/Frameworks/CoreImage.framework; sourceTree = SDKROOT; };
		5EA3D4921726FCC500D9764F /* UIImage+Blur.h */ = {isa = PBXFileReference; fileEncoding = 4; lastKnownFileType = sourcecode.c.h; path = "UIImage+Blur.h"; sourceTree = "<group>"; };
		5EA3D4931726FCC500D9764F /* UIImage+Blur.m */ = {isa = PBXFileReference; fileEncoding = 4; lastKnownFileType = sourcecode.c.objc; path = "UIImage+Blur.m"; sourceTree = "<group>"; };
		5EA3D4951726FD9E00D9764F /* TLProfiling.h */ = {isa = PBXFileReference; fileEncoding = 4; lastKnownFileType = sourcecode.c.h; path = TLProfiling.h; sourceTree = "<group>"; };
		5EA3D4961726FD9E00D9764F /* TLProfiling.m */ = {isa = PBXFileReference; fileEncoding = 4; lastKnownFileType = sourcecode.c.objc; path = TLProfiling.m; sourceTree = "<group>"; };
		5EA3D49817296E7900D9764F /* TLBackgroundGradientView.h */ = {isa = PBXFileReference; fileEncoding = 4; lastKnownFileType = sourcecode.c.h; path = TLBackgroundGradientView.h; sourceTree = "<group>"; };
		5EA3D49917296E7900D9764F /* TLBackgroundGradientView.m */ = {isa = PBXFileReference; fileEncoding = 4; lastKnownFileType = sourcecode.c.objc; path = TLBackgroundGradientView.m; sourceTree = "<group>"; };
		5EB4E54E1717374E00EC8E1C /* Upcoming.app */ = {isa = PBXFileReference; explicitFileType = wrapper.application; includeInIndex = 0; path = Upcoming.app; sourceTree = BUILT_PRODUCTS_DIR; };
		5EB4E5511717374E00EC8E1C /* UIKit.framework */ = {isa = PBXFileReference; lastKnownFileType = wrapper.framework; name = UIKit.framework; path = System/Library/Frameworks/UIKit.framework; sourceTree = SDKROOT; };
		5EB4E5531717374E00EC8E1C /* Foundation.framework */ = {isa = PBXFileReference; lastKnownFileType = wrapper.framework; name = Foundation.framework; path = System/Library/Frameworks/Foundation.framework; sourceTree = SDKROOT; };
		5EB4E5551717374E00EC8E1C /* CoreGraphics.framework */ = {isa = PBXFileReference; lastKnownFileType = wrapper.framework; name = CoreGraphics.framework; path = System/Library/Frameworks/CoreGraphics.framework; sourceTree = SDKROOT; };
		5EB4E5591717374E00EC8E1C /* Upcoming-Info.plist */ = {isa = PBXFileReference; lastKnownFileType = text.plist.xml; path = "Upcoming-Info.plist"; sourceTree = "<group>"; };
		5EB4E55B1717374E00EC8E1C /* en */ = {isa = PBXFileReference; lastKnownFileType = text.plist.strings; name = en; path = en.lproj/InfoPlist.strings; sourceTree = "<group>"; };
		5EB4E55D1717374E00EC8E1C /* main.m */ = {isa = PBXFileReference; lastKnownFileType = sourcecode.c.objc; path = main.m; sourceTree = "<group>"; };
		5EB4E55F1717374E00EC8E1C /* Upcoming-Prefix.pch */ = {isa = PBXFileReference; lastKnownFileType = sourcecode.c.h; path = "Upcoming-Prefix.pch"; sourceTree = "<group>"; };
		5EB4E5601717374E00EC8E1C /* TLAppDelegate.h */ = {isa = PBXFileReference; lastKnownFileType = sourcecode.c.h; path = TLAppDelegate.h; sourceTree = "<group>"; };
		5EB4E5611717374E00EC8E1C /* TLAppDelegate.m */ = {isa = PBXFileReference; lastKnownFileType = sourcecode.c.objc; path = TLAppDelegate.m; sourceTree = "<group>"; };
		5EB4E5631717374E00EC8E1C /* Default.png */ = {isa = PBXFileReference; lastKnownFileType = image.png; path = Default.png; sourceTree = "<group>"; };
		5EB4E5651717374E00EC8E1C /* Default@2x.png */ = {isa = PBXFileReference; lastKnownFileType = image.png; path = "Default@2x.png"; sourceTree = "<group>"; };
		5EB4E5671717374E00EC8E1C /* Default-568h@2x.png */ = {isa = PBXFileReference; lastKnownFileType = image.png; path = "Default-568h@2x.png"; sourceTree = "<group>"; };
		5EB4E57A17187CF700EC8E1C /* TLRootViewController.h */ = {isa = PBXFileReference; fileEncoding = 4; lastKnownFileType = sourcecode.c.h; path = TLRootViewController.h; sourceTree = "<group>"; };
		5EB4E57B17187CF700EC8E1C /* TLRootViewController.m */ = {isa = PBXFileReference; fileEncoding = 4; lastKnownFileType = sourcecode.c.objc; path = TLRootViewController.m; sourceTree = "<group>"; };
		5EB4E58117187E1500EC8E1C /* TLHeaderViewController.h */ = {isa = PBXFileReference; fileEncoding = 4; lastKnownFileType = sourcecode.c.h; path = TLHeaderViewController.h; sourceTree = "<group>"; };
		5EB4E58217187E1500EC8E1C /* TLHeaderViewController.m */ = {isa = PBXFileReference; fileEncoding = 4; lastKnownFileType = sourcecode.c.objc; path = TLHeaderViewController.m; sourceTree = "<group>"; };
		5EB4E58317187E1500EC8E1C /* TLHeaderViewController.xib */ = {isa = PBXFileReference; fileEncoding = 4; lastKnownFileType = file.xib; path = TLHeaderViewController.xib; sourceTree = "<group>"; };
		5EB951AF17203DE600A5089B /* TLCalendarSelectCell.h */ = {isa = PBXFileReference; fileEncoding = 4; lastKnownFileType = sourcecode.c.h; path = TLCalendarSelectCell.h; sourceTree = "<group>"; };
		5EB951B017203DE600A5089B /* TLCalendarSelectCell.m */ = {isa = PBXFileReference; fileEncoding = 4; lastKnownFileType = sourcecode.c.objc; path = TLCalendarSelectCell.m; sourceTree = "<group>"; };
		5EC7DFEE17344D8300FB3C55 /* TLCollectionViewLayoutAttributes.h */ = {isa = PBXFileReference; fileEncoding = 4; lastKnownFileType = sourcecode.c.h; path = TLCollectionViewLayoutAttributes.h; sourceTree = "<group>"; };
		5EC7DFEF17344D8300FB3C55 /* TLCollectionViewLayoutAttributes.m */ = {isa = PBXFileReference; fileEncoding = 4; lastKnownFileType = sourcecode.c.objc; path = TLCollectionViewLayoutAttributes.m; sourceTree = "<group>"; };
		5EC7DFF117381B1A00FB3C55 /* logo@2x.png */ = {isa = PBXFileReference; lastKnownFileType = image.png; name = "logo@2x.png"; path = "Images/logo@2x.png"; sourceTree = "<group>"; };
		5EC7DFF317381B7300FB3C55 /* logo.png */ = {isa = PBXFileReference; lastKnownFileType = image.png; name = logo.png; path = Images/logo.png; sourceTree = "<group>"; };
		5EC7DFF517381BF400FB3C55 /* upArrow.png */ = {isa = PBXFileReference; lastKnownFileType = image.png; name = upArrow.png; path = Images/upArrow.png; sourceTree = "<group>"; };
		5EC7DFF617381BF400FB3C55 /* upArrow@2x.png */ = {isa = PBXFileReference; lastKnownFileType = image.png; name = "upArrow@2x.png"; path = "Images/upArrow@2x.png"; sourceTree = "<group>"; };
		5EC7DFF917381F5600FB3C55 /* TLLoveButton.h */ = {isa = PBXFileReference; fileEncoding = 4; lastKnownFileType = sourcecode.c.h; path = TLLoveButton.h; sourceTree = "<group>"; };
		5EC7DFFA17381F5600FB3C55 /* TLLoveButton.m */ = {isa = PBXFileReference; fileEncoding = 4; lastKnownFileType = sourcecode.c.objc; path = TLLoveButton.m; sourceTree = "<group>"; };
		5EC7DFFC17383DFF00FB3C55 /* Icon.png */ = {isa = PBXFileReference; lastKnownFileType = image.png; name = Icon.png; path = ../Icon.png; sourceTree = "<group>"; };
		5EC7DFFE17383E0200FB3C55 /* Icon@2x.png */ = {isa = PBXFileReference; lastKnownFileType = image.png; name = "Icon@2x.png"; path = "../Icon@2x.png"; sourceTree = "<group>"; };
		5EC7E0011739427C00FB3C55 /* TLEventSupplementaryView.h */ = {isa = PBXFileReference; fileEncoding = 4; lastKnownFileType = sourcecode.c.h; path = TLEventSupplementaryView.h; sourceTree = "<group>"; };
		5EC7E0021739427D00FB3C55 /* TLEventSupplementaryView.m */ = {isa = PBXFileReference; fileEncoding = 4; lastKnownFileType = sourcecode.c.objc; path = TLEventSupplementaryView.m; sourceTree = "<group>"; };
		5ED60CCA171C57E000F55891 /* QuartzCore.framework */ = {isa = PBXFileReference; lastKnownFileType = wrapper.framework; name = QuartzCore.framework; path = System/Library/Frameworks/QuartzCore.framework; sourceTree = SDKROOT; };
		A85CD65B1730058B00B9BBC9 /* TLCollectionViewLayout.h */ = {isa = PBXFileReference; fileEncoding = 4; lastKnownFileType = sourcecode.c.h; path = TLCollectionViewLayout.h; sourceTree = "<group>"; };
		A85CD65C1730058B00B9BBC9 /* TLCollectionViewLayout.m */ = {isa = PBXFileReference; fileEncoding = 4; lastKnownFileType = sourcecode.c.objc; path = TLCollectionViewLayout.m; sourceTree = "<group>"; };
		A85CD66117305C9600B9BBC9 /* TLHourCell.h */ = {isa = PBXFileReference; fileEncoding = 4; lastKnownFileType = sourcecode.c.h; path = TLHourCell.h; sourceTree = "<group>"; };
		A85CD66217305C9600B9BBC9 /* TLHourCell.m */ = {isa = PBXFileReference; fileEncoding = 4; lastKnownFileType = sourcecode.c.objc; path = TLHourCell.m; sourceTree = "<group>"; };
		A85CD66417305D7400B9BBC9 /* TLHourCell.xib */ = {isa = PBXFileReference; fileEncoding = 4; lastKnownFileType = file.xib; path = TLHourCell.xib; sourceTree = "<group>"; };
		CB35EE43CD0E4DBFBCC0B9D3 /* Pods.xcconfig */ = {isa = PBXFileReference; includeInIndex = 1; lastKnownFileType = text.xcconfig; name = Pods.xcconfig; path = Pods/Pods.xcconfig; sourceTree = SOURCE_ROOT; };
/* End PBXFileReference section */

/* Begin PBXFrameworksBuildPhase section */
		5EB4E54B1717374E00EC8E1C /* Frameworks */ = {
			isa = PBXFrameworksBuildPhase;
			buildActionMask = 2147483647;
			files = (
				5E18D30717316B830010F8FF /* AudioToolbox.framework in Frameworks */,
				5EA3D48F1726E00400D9764F /* CoreImage.framework in Frameworks */,
				5E21DEDB171F19C000231263 /* EventKit.framework in Frameworks */,
				5E21DEDC171F19C000231263 /* EventKitUI.framework in Frameworks */,
				5ED60CCB171C57E000F55891 /* QuartzCore.framework in Frameworks */,
				5EB4E5521717374E00EC8E1C /* UIKit.framework in Frameworks */,
				5EB4E5541717374E00EC8E1C /* Foundation.framework in Frameworks */,
				5EB4E5561717374E00EC8E1C /* CoreGraphics.framework in Frameworks */,
				58CAD422C26D45918EB422B5 /* libPods.a in Frameworks */,
			);
			runOnlyForDeploymentPostprocessing = 0;
		};
/* End PBXFrameworksBuildPhase section */

/* Begin PBXGroup section */
		5E08B6F6173AC07700FBCBBB /* UICollectionView Views */ = {
			isa = PBXGroup;
			children = (
				A85CD66117305C9600B9BBC9 /* TLHourCell.h */,
				A85CD66217305C9600B9BBC9 /* TLHourCell.m */,
				A85CD66417305D7400B9BBC9 /* TLHourCell.xib */,
				5E18D30A1732D7000010F8FF /* TLHourLineSupplementaryView.h */,
				5E18D30B1732D7000010F8FF /* TLHourLineSupplementaryView.m */,
				5EC7E0011739427C00FB3C55 /* TLEventSupplementaryView.h */,
				5EC7E0021739427D00FB3C55 /* TLEventSupplementaryView.m */,
				5E08B6F7173AC09D00FBCBBB /* TLHourGutterSupplementaryView.h */,
				5E08B6F8173AC09D00FBCBBB /* TLHourGutterSupplementaryView.m */,
			);
			name = "UICollectionView Views";
			sourceTree = "<group>";
		};
		5E18D2AD172AFA540010F8FF /* Images */ = {
			isa = PBXGroup;
			children = (
				5E08B6E2173AA84300FBCBBB /* background-highlighted@2x.png */,
				5E08B6E3173AA84300FBCBBB /* background-unhighlighted@2x.png */,
				5E08B6E6173AAC2900FBCBBB /* background-future@2x.png */,
				5E08B6E7173AAC2900FBCBBB /* background-immediate@2x.png */,
				5E08B6E8173AAC2900FBCBBB /* background-past@2x.png */,
				5E08B6EC173AAD7300FBCBBB /* background-immediate.png */,
				5E08B6ED173AAD7300FBCBBB /* background-future.png */,
				5E08B6EE173AAD7300FBCBBB /* background-past.png */,
				5E08B6EF173AAD7300FBCBBB /* background-unhighlighted.png */,
				5E08B6F0173AAD7300FBCBBB /* background-highlighted.png */,
				5EC7DFF517381BF400FB3C55 /* upArrow.png */,
				5EC7DFF617381BF400FB3C55 /* upArrow@2x.png */,
				5EC7DFF117381B1A00FB3C55 /* logo@2x.png */,
				5EC7DFF317381B7300FB3C55 /* logo.png */,
				5E18D2FE172FFF560010F8FF /* location@2x.png */,
				5E18D2FA172EEA6B0010F8FF /* upcomingEventBackground@2x.png */,
				5E18D2B0172B03F60010F8FF /* checkmark@2x.png */,
				5E18D2B2172B03F60010F8FF /* inner-shadow@2x.png */,
				5E18D2B3172B03F60010F8FF /* settings-panel@2x.png */,
				5E18D2B8172B085B0010F8FF /* settings-panel-active@2x.png */,
			);
			name = Images;
			sourceTree = "<group>";
		};
		5E21DED8171EFCED00231263 /* EventManager */ = {
			isa = PBXGroup;
			children = (
				5E7207DD172AC3560067B19E /* EKEventManager.h */,
				5E7207DE172AC3560067B19E /* EKEventManager.m */,
			);
			name = EventManager;
			sourceTree = "<group>";
		};
		5E91A6CD1738958900CF83D5 /* Models */ = {
			isa = PBXGroup;
			children = (
				5E91A6CE173895AA00CF83D5 /* TLEventViewModel.h */,
				5E91A6CF173895AA00CF83D5 /* TLEventViewModel.m */,
			);
			name = Models;
			sourceTree = "<group>";
		};
		5EA3D48D1726DD5200D9764F /* Categories */ = {
			isa = PBXGroup;
			children = (
				5E18D30317316AAB0010F8FF /* TLAppDelegate+Sounds.h */,
				5E18D30417316AAB0010F8FF /* TLAppDelegate+Sounds.m */,
				5EA3D48A1726DD4D00D9764F /* UIColor+CustomizedColors.h */,
				5EA3D48B1726DD4D00D9764F /* UIColor+CustomizedColors.m */,
				5EA3D4921726FCC500D9764F /* UIImage+Blur.h */,
				5EA3D4931726FCC500D9764F /* UIImage+Blur.m */,
				5E18D2AA172AF5A50010F8FF /* UIFont+AppFonts.h */,
				5E18D2AB172AF5A50010F8FF /* UIFont+AppFonts.m */,
			);
			name = Categories;
			sourceTree = "<group>";
		};
		5EB4E5451717374E00EC8E1C = {
			isa = PBXGroup;
			children = (
				5EB4E5571717374E00EC8E1C /* Upcoming */,
				5EB4E5501717374E00EC8E1C /* Frameworks */,
				5EB4E54F1717374E00EC8E1C /* Products */,
				CB35EE43CD0E4DBFBCC0B9D3 /* Pods.xcconfig */,
			);
			sourceTree = "<group>";
		};
		5EB4E54F1717374E00EC8E1C /* Products */ = {
			isa = PBXGroup;
			children = (
				5EB4E54E1717374E00EC8E1C /* Upcoming.app */,
			);
			name = Products;
			sourceTree = "<group>";
		};
		5EB4E5501717374E00EC8E1C /* Frameworks */ = {
			isa = PBXGroup;
			children = (
				5E18D30617316B830010F8FF /* AudioToolbox.framework */,
				5EA3D48E1726E00400D9764F /* CoreImage.framework */,
				5E21DED9171F19C000231263 /* EventKit.framework */,
				5E21DEDA171F19C000231263 /* EventKitUI.framework */,
				5ED60CCA171C57E000F55891 /* QuartzCore.framework */,
				5EB4E5511717374E00EC8E1C /* UIKit.framework */,
				5EB4E5531717374E00EC8E1C /* Foundation.framework */,
				5EB4E5551717374E00EC8E1C /* CoreGraphics.framework */,
				0DF8D172A92B477D8A55BFE7 /* libPods.a */,
			);
			name = Frameworks;
			sourceTree = "<group>";
		};
		5EB4E5571717374E00EC8E1C /* Upcoming */ = {
			isa = PBXGroup;
			children = (
				5E18D308173170970010F8FF /* soundeffect.wav */,
				5E18D2AD172AFA540010F8FF /* Images */,
				5EB951AE17203DD700A5089B /* Views */,
				5E91A6CD1738958900CF83D5 /* Models */,
				5E21DED8171EFCED00231263 /* EventManager */,
				5EB4E57D17187DEF00EC8E1C /* View Controllers */,
				5EA3D48D1726DD5200D9764F /* Categories */,
				5EC7E0001738489900FB3C55 /* Collection View Extensions */,
				5E2EF7B3172AC4FF00737A75 /* TLTouchDownGestureRecognizer.h */,
				5E2EF7B4172AC4FF00737A75 /* TLTouchDownGestureRecognizer.m */,
				5EB4E5601717374E00EC8E1C /* TLAppDelegate.h */,
				5EB4E5611717374E00EC8E1C /* TLAppDelegate.m */,
				5E08B6DD173A910B00FBCBBB /* TLDefines.h */,
				5EB4E5581717374E00EC8E1C /* Supporting Files */,
			);
			path = Upcoming;
			sourceTree = "<group>";
		};
		5EB4E5581717374E00EC8E1C /* Supporting Files */ = {
			isa = PBXGroup;
			children = (
				5EA3D4951726FD9E00D9764F /* TLProfiling.h */,
				5EA3D4961726FD9E00D9764F /* TLProfiling.m */,
				5EB4E5591717374E00EC8E1C /* Upcoming-Info.plist */,
				5EB4E55A1717374E00EC8E1C /* InfoPlist.strings */,
				5EB4E55D1717374E00EC8E1C /* main.m */,
				5EB4E55F1717374E00EC8E1C /* Upcoming-Prefix.pch */,
				5EB4E5631717374E00EC8E1C /* Default.png */,
				5EB4E5651717374E00EC8E1C /* Default@2x.png */,
				5EB4E5671717374E00EC8E1C /* Default-568h@2x.png */,
				5EC7DFFE17383E0200FB3C55 /* Icon@2x.png */,
				5EC7DFFC17383DFF00FB3C55 /* Icon.png */,
			);
			name = "Supporting Files";
			sourceTree = "<group>";
		};
		5EB4E57D17187DEF00EC8E1C /* View Controllers */ = {
			isa = PBXGroup;
			children = (
				5EB4E57A17187CF700EC8E1C /* TLRootViewController.h */,
				5EB4E57B17187CF700EC8E1C /* TLRootViewController.m */,
				5EB4E58117187E1500EC8E1C /* TLHeaderViewController.h */,
				5EB4E58217187E1500EC8E1C /* TLHeaderViewController.m */,
				5EB4E58317187E1500EC8E1C /* TLHeaderViewController.xib */,
				5E2EF7BE172AC53500737A75 /* TLEventViewController.h */,
				5E2EF7BF172AC53500737A75 /* TLEventViewController.m */,
				5E2EF7BC172AC51700737A75 /* TLEventViewController.xib */,
				5E18D2F7172EE7880010F8FF /* TLUpcomingEventViewController.h */,
				5E18D2F8172EE7880010F8FF /* TLUpcomingEventViewController.m */,
				5E18D2FC172F028F0010F8FF /* TLUpcomingEventViewController.xib */,
			);
			name = "View Controllers";
			sourceTree = "<group>";
		};
		5EB951AE17203DD700A5089B /* Views */ = {
			isa = PBXGroup;
			children = (
				5EA3D49817296E7900D9764F /* TLBackgroundGradientView.h */,
				5EA3D49917296E7900D9764F /* TLBackgroundGradientView.m */,
				5EB951AF17203DE600A5089B /* TLCalendarSelectCell.h */,
				5EB951B017203DE600A5089B /* TLCalendarSelectCell.m */,
				5E18D300173019860010F8FF /* TLCalendarDotView.h */,
				5E18D301173019860010F8FF /* TLCalendarDotView.m */,
				5EC7DFF917381F5600FB3C55 /* TLLoveButton.h */,
				5EC7DFFA17381F5600FB3C55 /* TLLoveButton.m */,
				5E08B6F6173AC07700FBCBBB /* UICollectionView Views */,
			);
			name = Views;
			sourceTree = "<group>";
		};
		5EC7E0001738489900FB3C55 /* Collection View Extensions */ = {
			isa = PBXGroup;
			children = (
				A85CD65B1730058B00B9BBC9 /* TLCollectionViewLayout.h */,
				A85CD65C1730058B00B9BBC9 /* TLCollectionViewLayout.m */,
				5EC7DFEE17344D8300FB3C55 /* TLCollectionViewLayoutAttributes.h */,
				5EC7DFEF17344D8300FB3C55 /* TLCollectionViewLayoutAttributes.m */,
			);
			name = "Collection View Extensions";
			sourceTree = "<group>";
		};
/* End PBXGroup section */

/* Begin PBXNativeTarget section */
		5EB4E54D1717374E00EC8E1C /* Upcoming */ = {
			isa = PBXNativeTarget;
			buildConfigurationList = 5EB4E5711717374E00EC8E1C /* Build configuration list for PBXNativeTarget "Upcoming" */;
			buildPhases = (
				5EB4E54A1717374E00EC8E1C /* Sources */,
				5EB4E54B1717374E00EC8E1C /* Frameworks */,
				5EB4E54C1717374E00EC8E1C /* Resources */,
				69793F113CEC42AD86A5965B /* Copy Pods Resources */,
			);
			buildRules = (
			);
			dependencies = (
			);
			name = Upcoming;
			productName = Upcoming;
			productReference = 5EB4E54E1717374E00EC8E1C /* Upcoming.app */;
			productType = "com.apple.product-type.application";
		};
/* End PBXNativeTarget section */

/* Begin PBXProject section */
		5EB4E5461717374E00EC8E1C /* Project object */ = {
			isa = PBXProject;
			attributes = {
				CLASSPREFIX = TL;
				LastUpgradeCheck = 0460;
				ORGANIZATIONNAME = "Teehan+Lax";
			};
			buildConfigurationList = 5EB4E5491717374E00EC8E1C /* Build configuration list for PBXProject "Upcoming" */;
			compatibilityVersion = "Xcode 3.2";
			developmentRegion = English;
			hasScannedForEncodings = 0;
			knownRegions = (
				en,
			);
			mainGroup = 5EB4E5451717374E00EC8E1C;
			productRefGroup = 5EB4E54F1717374E00EC8E1C /* Products */;
			projectDirPath = "";
			projectRoot = "";
			targets = (
				5EB4E54D1717374E00EC8E1C /* Upcoming */,
			);
		};
/* End PBXProject section */

/* Begin PBXResourcesBuildPhase section */
		5EB4E54C1717374E00EC8E1C /* Resources */ = {
			isa = PBXResourcesBuildPhase;
			buildActionMask = 2147483647;
			files = (
				5EB4E55C1717374E00EC8E1C /* InfoPlist.strings in Resources */,
				5EB4E5641717374E00EC8E1C /* Default.png in Resources */,
				5EB4E5661717374E00EC8E1C /* Default@2x.png in Resources */,
				5EB4E5681717374E00EC8E1C /* Default-568h@2x.png in Resources */,
				5EB4E58517187E1500EC8E1C /* TLHeaderViewController.xib in Resources */,
				5E2EF7BD172AC51700737A75 /* TLEventViewController.xib in Resources */,
				5E18D2B4172B03F60010F8FF /* checkmark@2x.png in Resources */,
				5E18D2B6172B03F60010F8FF /* inner-shadow@2x.png in Resources */,
				5E18D2B7172B03F60010F8FF /* settings-panel@2x.png in Resources */,
				5E18D2B9172B085B0010F8FF /* settings-panel-active@2x.png in Resources */,
				5E18D2FB172EEA6B0010F8FF /* upcomingEventBackground@2x.png in Resources */,
				5E18D2FD172F028F0010F8FF /* TLUpcomingEventViewController.xib in Resources */,
				5E18D2FF172FFF560010F8FF /* location@2x.png in Resources */,
				5E18D309173170970010F8FF /* soundeffect.wav in Resources */,
				A85CD66517305D7400B9BBC9 /* TLHourCell.xib in Resources */,
				A85CD66517305D7400B9BBC9 /* TLHourCell.xib in Resources */,
				5EC7DFF217381B1A00FB3C55 /* logo@2x.png in Resources */,
				5EC7DFF417381B7300FB3C55 /* logo.png in Resources */,
				5EC7DFF717381BF400FB3C55 /* upArrow.png in Resources */,
				5EC7DFF817381BF400FB3C55 /* upArrow@2x.png in Resources */,
				5EC7DFFD17383DFF00FB3C55 /* Icon.png in Resources */,
				5EC7DFFF17383E0200FB3C55 /* Icon@2x.png in Resources */,
				5E08B6E4173AA84300FBCBBB /* background-highlighted@2x.png in Resources */,
				5E08B6E5173AA84300FBCBBB /* background-unhighlighted@2x.png in Resources */,
				5E08B6E9173AAC2900FBCBBB /* background-future@2x.png in Resources */,
				5E08B6EA173AAC2900FBCBBB /* background-immediate@2x.png in Resources */,
				5E08B6EB173AAC2900FBCBBB /* background-past@2x.png in Resources */,
				5E08B6F1173AAD7300FBCBBB /* background-immediate.png in Resources */,
				5E08B6F2173AAD7300FBCBBB /* background-future.png in Resources */,
				5E08B6F3173AAD7300FBCBBB /* background-past.png in Resources */,
				5E08B6F4173AAD7300FBCBBB /* background-unhighlighted.png in Resources */,
				5E08B6F5173AAD7300FBCBBB /* background-highlighted.png in Resources */,
			);
			runOnlyForDeploymentPostprocessing = 0;
		};
/* End PBXResourcesBuildPhase section */

/* Begin PBXShellScriptBuildPhase section */
		69793F113CEC42AD86A5965B /* Copy Pods Resources */ = {
			isa = PBXShellScriptBuildPhase;
			buildActionMask = 2147483647;
			files = (
			);
			inputPaths = (
			);
			name = "Copy Pods Resources";
			outputPaths = (
			);
			runOnlyForDeploymentPostprocessing = 0;
			shellPath = /bin/sh;
			shellScript = "\"${SRCROOT}/Pods/Pods-resources.sh\"\n";
		};
/* End PBXShellScriptBuildPhase section */

/* Begin PBXSourcesBuildPhase section */
		5EB4E54A1717374E00EC8E1C /* Sources */ = {
			isa = PBXSourcesBuildPhase;
			buildActionMask = 2147483647;
			files = (
				5EB4E55E1717374E00EC8E1C /* main.m in Sources */,
				5EB4E5621717374E00EC8E1C /* TLAppDelegate.m in Sources */,
				5EB4E57C17187CF700EC8E1C /* TLRootViewController.m in Sources */,
				5EB4E58417187E1500EC8E1C /* TLHeaderViewController.m in Sources */,
				5EB951B117203DE600A5089B /* TLCalendarSelectCell.m in Sources */,
				5EA3D48C1726DD4D00D9764F /* UIColor+CustomizedColors.m in Sources */,
				5EA3D4941726FCC500D9764F /* UIImage+Blur.m in Sources */,
				5EA3D4971726FD9E00D9764F /* TLProfiling.m in Sources */,
				5EA3D49A17296E7900D9764F /* TLBackgroundGradientView.m in Sources */,
				5E7207DF172AC3560067B19E /* EKEventManager.m in Sources */,
				5E2EF7B5172AC4FF00737A75 /* TLTouchDownGestureRecognizer.m in Sources */,
				5E2EF7C0172AC53500737A75 /* TLEventViewController.m in Sources */,
				5E18D2AC172AF5A50010F8FF /* UIFont+AppFonts.m in Sources */,
				5E18D2F9172EE7890010F8FF /* TLUpcomingEventViewController.m in Sources */,
				5E18D302173019860010F8FF /* TLCalendarDotView.m in Sources */,
				A85CD65D1730058B00B9BBC9 /* TLCollectionViewLayout.m in Sources */,
				5E18D30517316AAB0010F8FF /* TLAppDelegate+Sounds.m in Sources */,
				A85CD66317305C9600B9BBC9 /* TLHourCell.m in Sources */,
				5E18D30C1732D7000010F8FF /* TLHourLineSupplementaryView.m in Sources */,
				5EC7DFF017344D8300FB3C55 /* TLCollectionViewLayoutAttributes.m in Sources */,
				5EC7DFFB17381F5600FB3C55 /* TLLoveButton.m in Sources */,
				5E91A6D0173895AA00CF83D5 /* TLEventViewModel.m in Sources */,
				5EC7E0031739427D00FB3C55 /* TLEventSupplementaryView.m in Sources */,
				5E08B6F9173AC09D00FBCBBB /* TLHourGutterSupplementaryView.m in Sources */,
			);
			runOnlyForDeploymentPostprocessing = 0;
		};
/* End PBXSourcesBuildPhase section */

/* Begin PBXVariantGroup section */
		5EB4E55A1717374E00EC8E1C /* InfoPlist.strings */ = {
			isa = PBXVariantGroup;
			children = (
				5EB4E55B1717374E00EC8E1C /* en */,
			);
			name = InfoPlist.strings;
			sourceTree = "<group>";
		};
/* End PBXVariantGroup section */

/* Begin XCBuildConfiguration section */
		5EB4E56F1717374E00EC8E1C /* Debug */ = {
			isa = XCBuildConfiguration;
			buildSettings = {
				ALWAYS_SEARCH_USER_PATHS = NO;
				CLANG_CXX_LANGUAGE_STANDARD = "gnu++0x";
				CLANG_CXX_LIBRARY = "libc++";
				CLANG_ENABLE_OBJC_ARC = YES;
				CLANG_WARN_CONSTANT_CONVERSION = YES;
				CLANG_WARN_EMPTY_BODY = YES;
				CLANG_WARN_ENUM_CONVERSION = YES;
				CLANG_WARN_INT_CONVERSION = YES;
				CLANG_WARN__DUPLICATE_METHOD_MATCH = YES;
				"CODE_SIGN_IDENTITY[sdk=iphoneos*]" = "iPhone Developer";
				COPY_PHASE_STRIP = NO;
				GCC_C_LANGUAGE_STANDARD = gnu99;
				GCC_DYNAMIC_NO_PIC = NO;
				GCC_OPTIMIZATION_LEVEL = 0;
				GCC_PREPROCESSOR_DEFINITIONS = (
					"DEBUG=1",
					"$(inherited)",
				);
				GCC_SYMBOLS_PRIVATE_EXTERN = NO;
				GCC_WARN_ABOUT_RETURN_TYPE = YES;
				GCC_WARN_UNINITIALIZED_AUTOS = YES;
				GCC_WARN_UNUSED_VARIABLE = YES;
				IPHONEOS_DEPLOYMENT_TARGET = 6.1;
				ONLY_ACTIVE_ARCH = YES;
				SDKROOT = iphoneos;
			};
			name = Debug;
		};
		5EB4E5701717374E00EC8E1C /* Release */ = {
			isa = XCBuildConfiguration;
			buildSettings = {
				ALWAYS_SEARCH_USER_PATHS = NO;
				CLANG_CXX_LANGUAGE_STANDARD = "gnu++0x";
				CLANG_CXX_LIBRARY = "libc++";
				CLANG_ENABLE_OBJC_ARC = YES;
				CLANG_WARN_CONSTANT_CONVERSION = YES;
				CLANG_WARN_EMPTY_BODY = YES;
				CLANG_WARN_ENUM_CONVERSION = YES;
				CLANG_WARN_INT_CONVERSION = YES;
				CLANG_WARN__DUPLICATE_METHOD_MATCH = YES;
				"CODE_SIGN_IDENTITY[sdk=iphoneos*]" = "iPhone Developer";
				COPY_PHASE_STRIP = YES;
				GCC_C_LANGUAGE_STANDARD = gnu99;
				GCC_WARN_ABOUT_RETURN_TYPE = YES;
				GCC_WARN_UNINITIALIZED_AUTOS = YES;
				GCC_WARN_UNUSED_VARIABLE = YES;
				IPHONEOS_DEPLOYMENT_TARGET = 6.1;
				OTHER_CFLAGS = "-DNS_BLOCK_ASSERTIONS=1";
				SDKROOT = iphoneos;
				VALIDATE_PRODUCT = YES;
			};
			name = Release;
		};
		5EB4E5721717374E00EC8E1C /* Debug */ = {
			isa = XCBuildConfiguration;
			baseConfigurationReference = CB35EE43CD0E4DBFBCC0B9D3 /* Pods.xcconfig */;
			buildSettings = {
				GCC_PRECOMPILE_PREFIX_HEADER = YES;
				GCC_PREFIX_HEADER = "Upcoming/Upcoming-Prefix.pch";
				INFOPLIST_FILE = "Upcoming/Upcoming-Info.plist";
				LIBRARY_SEARCH_PATHS = (
					"$(SYMROOT)/../Pods/build/Debug$(EFFECTIVE_PLATFORM_NAME)",
					"$(PODS_ROOT)/TestFlightSDK",
				);
				PRODUCT_NAME = Upcoming;
				WRAPPER_EXTENSION = app;
			};
			name = Debug;
		};
		5EB4E5731717374E00EC8E1C /* Release */ = {
			isa = XCBuildConfiguration;
			baseConfigurationReference = CB35EE43CD0E4DBFBCC0B9D3 /* Pods.xcconfig */;
			buildSettings = {
				CODE_SIGN_IDENTITY = "iPhone Distribution";
				GCC_PRECOMPILE_PREFIX_HEADER = YES;
				GCC_PREFIX_HEADER = "Upcoming/Upcoming-Prefix.pch";
				INFOPLIST_FILE = "Upcoming/Upcoming-Info.plist";
				LIBRARY_SEARCH_PATHS = (
					"$(SYMROOT)/../Pods/build/Debug$(EFFECTIVE_PLATFORM_NAME)",
					"$(PODS_ROOT)/TestFlightSDK",
				);
				PRODUCT_NAME = Upcoming;
				PROVISIONING_PROFILE = "";
				WRAPPER_EXTENSION = app;
			};
			name = Release;
		};
/* End XCBuildConfiguration section */

/* Begin XCConfigurationList section */
		5EB4E5491717374E00EC8E1C /* Build configuration list for PBXProject "Upcoming" */ = {
			isa = XCConfigurationList;
			buildConfigurations = (
				5EB4E56F1717374E00EC8E1C /* Debug */,
				5EB4E5701717374E00EC8E1C /* Release */,
			);
			defaultConfigurationIsVisible = 0;
			defaultConfigurationName = Release;
		};
		5EB4E5711717374E00EC8E1C /* Build configuration list for PBXNativeTarget "Upcoming" */ = {
			isa = XCConfigurationList;
			buildConfigurations = (
				5EB4E5721717374E00EC8E1C /* Debug */,
				5EB4E5731717374E00EC8E1C /* Release */,
			);
			defaultConfigurationIsVisible = 0;
			defaultConfigurationName = Release;
		};
/* End XCConfigurationList section */
	};
	rootObject = 5EB4E5461717374E00EC8E1C /* Project object */;
}
